
Microsoft Visual Studio Solution File, Format Version 12.00
# Visual Studio 15
Project("{FAE04EC0-301F-11D3-BF4B-00C04F79EFBC}") = "Assembly-CSharp", "Assembly-CSharp.csproj", "{E62EBC9D-339B-A813-EDE5-B6F2728F5092}"
EndProject
Project("{FAE04EC0-301F-11D3-BF4B-00C04F79EFBC}") = "Oculus.VR", "Oculus.VR.csproj", "{AD5FACAF-BC5B-BC38-9AF4-BCD475226BE7}"
EndProject
Project("{FAE04EC0-301F-11D3-BF4B-00C04F79EFBC}") = "Assembly-CSharp-Editor", "Assembly-CSharp-Editor.csproj", "{466CF0B2-CD79-1A97-052C-B32EE1D96BD1}"
EndProject
Project("{FAE04EC0-301F-11D3-BF4B-00C04F79EFBC}") = "Oculus.VR.Scripts.Editor", "Oculus.VR.Scripts.Editor.csproj", "{4E0CD666-3261-CF2E-D6D8-7542CD997BC2}"
EndProject
Project("{FAE04EC0-301F-11D3-BF4B-00C04F79EFBC}") = "Oculus.VR.Editor", "Oculus.VR.Editor.csproj", "{DA474729-1772-FB19-9693-46797C2A49A3}"
EndProject
Global
	GlobalSection(SolutionConfigurationPlatforms) = preSolution
		Debug|Any CPU = Debug|Any CPU
		Release|Any CPU = Release|Any CPU
	EndGlobalSection
	GlobalSection(ProjectConfigurationPlatforms) = postSolution
		{E62EBC9D-339B-A813-EDE5-B6F2728F5092}.Debug|Any CPU.ActiveCfg = Debug|Any CPU
		{E62EBC9D-339B-A813-EDE5-B6F2728F5092}.Debug|Any CPU.Build.0 = Debug|Any CPU
		{E62EBC9D-339B-A813-EDE5-B6F2728F5092}.Release|Any CPU.ActiveCfg = Release|Any CPU
		{E62EBC9D-339B-A813-EDE5-B6F2728F5092}.Release|Any CPU.Build.0 = Release|Any CPU
		{AD5FACAF-BC5B-BC38-9AF4-BCD475226BE7}.Debug|Any CPU.ActiveCfg = Debug|Any CPU
		{AD5FACAF-BC5B-BC38-9AF4-BCD475226BE7}.Debug|Any CPU.Build.0 = Debug|Any CPU
		{AD5FACAF-BC5B-BC38-9AF4-BCD475226BE7}.Release|Any CPU.ActiveCfg = Release|Any CPU
		{AD5FACAF-BC5B-BC38-9AF4-BCD475226BE7}.Release|Any CPU.Build.0 = Release|Any CPU
		{466CF0B2-CD79-1A97-052C-B32EE1D96BD1}.Debug|Any CPU.ActiveCfg = Debug|Any CPU
		{466CF0B2-CD79-1A97-052C-B32EE1D96BD1}.Debug|Any CPU.Build.0 = Debug|Any CPU
		{466CF0B2-CD79-1A97-052C-B32EE1D96BD1}.Release|Any CPU.ActiveCfg = Release|Any CPU
		{466CF0B2-CD79-1A97-052C-B32EE1D96BD1}.Release|Any CPU.Build.0 = Release|Any CPU
		{4E0CD666-3261-CF2E-D6D8-7542CD997BC2}.Debug|Any CPU.ActiveCfg = Debug|Any CPU
		{4E0CD666-3261-CF2E-D6D8-7542CD997BC2}.Debug|Any CPU.Build.0 = Debug|Any CPU
		{4E0CD666-3261-CF2E-D6D8-7542CD997BC2}.Release|Any CPU.ActiveCfg = Release|Any CPU
		{4E0CD666-3261-CF2E-D6D8-7542CD997BC2}.Release|Any CPU.Build.0 = Release|Any CPU
		{DA474729-1772-FB19-9693-46797C2A49A3}.Debug|Any CPU.ActiveCfg = Debug|Any CPU
		{DA474729-1772-FB19-9693-46797C2A49A3}.Debug|Any CPU.Build.0 = Debug|Any CPU
		{DA474729-1772-FB19-9693-46797C2A49A3}.Release|Any CPU.ActiveCfg = Release|Any CPU
		{DA474729-1772-FB19-9693-46797C2A49A3}.Release|Any CPU.Build.0 = Release|Any CPU
	EndGlobalSection
	GlobalSection(SolutionProperties) = preSolution
		HideSolutionNode = FALSE
	EndGlobalSection
EndGlobal
